
Microsoft Visual Studio Solution File, Format Version 12.00
# Visual Studio Version 16
VisualStudioVersion = 16.0.31410.357
MinimumVisualStudioVersion = 10.0.40219.1
Project("{FAE04EC0-301F-11D3-BF4B-00C04F79EFBC}") = "Vissen2", "Vissen2\Vissen2.csproj", "{7A70AA3E-D28D-43B9-BEAE-00E59EE0F76C}"
EndProject
Project("{FAE04EC0-301F-11D3-BF4B-00C04F79EFBC}") = "Datalaag2", "Datalaag2\Datalaag2.csproj", "{FDBF5F2D-6720-4A9D-B55D-5598AA166518}"
EndProject
Global
	GlobalSection(SolutionConfigurationPlatforms) = preSolution
		Debug|Any CPU = Debug|Any CPU
		Release|Any CPU = Release|Any CPU
	EndGlobalSection
	GlobalSection(ProjectConfigurationPlatforms) = postSolution
		{7A70AA3E-D28D-43B9-BEAE-00E59EE0F76C}.Debug|Any CPU.ActiveCfg = Debug|Any CPU
		{7A70AA3E-D28D-43B9-BEAE-00E59EE0F76C}.Debug|Any CPU.Build.0 = Debug|Any CPU
		{7A70AA3E-D28D-43B9-BEAE-00E59EE0F76C}.Release|Any CPU.ActiveCfg = Release|Any CPU
		{7A70AA3E-D28D-43B9-BEAE-00E59EE0F76C}.Release|Any CPU.Build.0 = Release|Any CPU
		{FDBF5F2D-6720-4A9D-B55D-5598AA166518}.Debug|Any CPU.ActiveCfg = Debug|Any CPU
		{FDBF5F2D-6720-4A9D-B55D-5598AA166518}.Debug|Any CPU.Build.0 = Debug|Any CPU
		{FDBF5F2D-6720-4A9D-B55D-5598AA166518}.Release|Any CPU.ActiveCfg = Release|Any CPU
		{FDBF5F2D-6720-4A9D-B55D-5598AA166518}.Release|Any CPU.Build.0 = Release|Any CPU
	EndGlobalSection
	GlobalSection(SolutionProperties) = preSolution
		HideSolutionNode = FALSE
	EndGlobalSection
	GlobalSection(ExtensibilityGlobals) = postSolution
		SolutionGuid = {971F5DCB-AACF-4EAB-8077-D347C3847C52}
	EndGlobalSection
EndGlobal
